// !$*UTF8*$!
{
	archiveVersion = 1;
	classes = {
	};
	objectVersion = 46;
	objects = {

/* Begin PBXBuildFile section */
		C03BDCA91B676187009495C0 /* main.m in Sources */ = {isa = PBXBuildFile; fileRef = C03BDCA81B676187009495C0 /* main.m */; };
		C03BDCAC1B676187009495C0 /* AppDelegate.m in Sources */ = {isa = PBXBuildFile; fileRef = C03BDCAB1B676187009495C0 /* AppDelegate.m */; };
		C03BDCB21B676187009495C0 /* Main.storyboard in Resources */ = {isa = PBXBuildFile; fileRef = C03BDCB01B676187009495C0 /* Main.storyboard */; };
		C03BDCB41B676187009495C0 /* Images.xcassets in Resources */ = {isa = PBXBuildFile; fileRef = C03BDCB31B676187009495C0 /* Images.xcassets */; };
		C03BDCB71B676187009495C0 /* LaunchScreen.xib in Resources */ = {isa = PBXBuildFile; fileRef = C03BDCB51B676187009495C0 /* LaunchScreen.xib */; };
		C03BDCC31B676187009495C0 /* safe_test3Tests.m in Sources */ = {isa = PBXBuildFile; fileRef = C03BDCC21B676187009495C0 /* safe_test3Tests.m */; };
		C0D2AC9E1B6871E60009EBA5 /* AddEvent.m in Sources */ = {isa = PBXBuildFile; fileRef = C0D2AC9D1B6871E60009EBA5 /* AddEvent.m */; };
/* End PBXBuildFile section */

/* Begin PBXContainerItemProxy section */
		C03BDCBD1B676187009495C0 /* PBXContainerItemProxy */ = {
			isa = PBXContainerItemProxy;
			containerPortal = C03BDC9B1B676187009495C0 /* Project object */;
			proxyType = 1;
			remoteGlobalIDString = C03BDCA21B676187009495C0;
			remoteInfo = safe_test3;
		};
/* End PBXContainerItemProxy section */

/* Begin PBXFileReference section */
		C03BDCA31B676187009495C0 /* safe_test3.app */ = {isa = PBXFileReference; explicitFileType = wrapper.application; includeInIndex = 0; path = safe_test3.app; sourceTree = BUILT_PRODUCTS_DIR; };
		C03BDCA71B676187009495C0 /* Info.plist */ = {isa = PBXFileReference; lastKnownFileType = text.plist.xml; path = Info.plist; sourceTree = "<group>"; };
		C03BDCA81B676187009495C0 /* main.m */ = {isa = PBXFileReference; lastKnownFileType = sourcecode.c.objc; path = main.m; sourceTree = "<group>"; };
		C03BDCAA1B676187009495C0 /* AppDelegate.h */ = {isa = PBXFileReference; lastKnownFileType = sourcecode.c.h; path = AppDelegate.h; sourceTree = "<group>"; };
		C03BDCAB1B676187009495C0 /* AppDelegate.m */ = {isa = PBXFileReference; lastKnownFileType = sourcecode.c.objc; path = AppDelegate.m; sourceTree = "<group>"; };
		C03BDCB11B676187009495C0 /* Base */ = {isa = PBXFileReference; lastKnownFileType = file.storyboard; name = Base; path = Base.lproj/Main.storyboard; sourceTree = "<group>"; };
		C03BDCB31B676187009495C0 /* Images.xcassets */ = {isa = PBXFileReference; lastKnownFileType = folder.assetcatalog; path = Images.xcassets; sourceTree = "<group>"; };
		C03BDCB61B676187009495C0 /* Base */ = {isa = PBXFileReference; lastKnownFileType = file.xib; name = Base; path = Base.lproj/LaunchScreen.xib; sourceTree = "<group>"; };
		C03BDCBC1B676187009495C0 /* safe_test3Tests.xctest */ = {isa = PBXFileReference; explicitFileType = wrapper.cfbundle; includeInIndex = 0; path = safe_test3Tests.xctest; sourceTree = BUILT_PRODUCTS_DIR; };
		C03BDCC11B676187009495C0 /* Info.plist */ = {isa = PBXFileReference; lastKnownFileType = text.plist.xml; path = Info.plist; sourceTree = "<group>"; };
		C03BDCC21B676187009495C0 /* safe_test3Tests.m */ = {isa = PBXFileReference; lastKnownFileType = sourcecode.c.objc; path = safe_test3Tests.m; sourceTree = "<group>"; };
		C0D2AC9C1B6871E60009EBA5 /* AddEvent.h */ = {isa = PBXFileReference; fileEncoding = 4; lastKnownFileType = sourcecode.c.h; path = AddEvent.h; sourceTree = "<group>"; };
		C0D2AC9D1B6871E60009EBA5 /* AddEvent.m */ = {isa = PBXFileReference; fileEncoding = 4; lastKnownFileType = sourcecode.c.objc; path = AddEvent.m; sourceTree = "<group>"; };
/* End PBXFileReference section */

/* Begin PBXFrameworksBuildPhase section */
		C03BDCA01B676187009495C0 /* Frameworks */ = {
			isa = PBXFrameworksBuildPhase;
			buildActionMask = 2147483647;
			files = (
			);
			runOnlyForDeploymentPostprocessing = 0;
		};
		C03BDCB91B676187009495C0 /* Frameworks */ = {
			isa = PBXFrameworksBuildPhase;
			buildActionMask = 2147483647;
			files = (
			);
			runOnlyForDeploymentPostprocessing = 0;
		};
/* End PBXFrameworksBuildPhase section */

/* Begin PBXGroup section */
		C03BDC9A1B676187009495C0 = {
			isa = PBXGroup;
			children = (
				C03BDCA51B676187009495C0 /* safe_test3 */,
				C03BDCBF1B676187009495C0 /* safe_test3Tests */,
				C03BDCA41B676187009495C0 /* Products */,
			);
			sourceTree = "<group>";
		};
		C03BDCA41B676187009495C0 /* Products */ = {
			isa = PBXGroup;
			children = (
				C03BDCA31B676187009495C0 /* safe_test3.app */,
				C03BDCBC1B676187009495C0 /* safe_test3Tests.xctest */,
			);
			name = Products;
			sourceTree = "<group>";
		};
		C03BDCA51B676187009495C0 /* safe_test3 */ = {
			isa = PBXGroup;
			children = (
				C03BDCAA1B676187009495C0 /* AppDelegate.h */,
				C03BDCAB1B676187009495C0 /* AppDelegate.m */,
				C03BDCB01B676187009495C0 /* Main.storyboard */,
				C03BDCB31B676187009495C0 /* Images.xcassets */,
				C03BDCB51B676187009495C0 /* LaunchScreen.xib */,
				C03BDCA61B676187009495C0 /* Supporting Files */,
				C0D2AC9C1B6871E60009EBA5 /* AddEvent.h */,
				C0D2AC9D1B6871E60009EBA5 /* AddEvent.m */,
			);
			path = safe_test3;
			sourceTree = "<group>";
		};
		C03BDCA61B676187009495C0 /* Supporting Files */ = {
			isa = PBXGroup;
			children = (
				C03BDCA71B676187009495C0 /* Info.plist */,
				C03BDCA81B676187009495C0 /* main.m */,
			);
			name = "Supporting Files";
			sourceTree = "<group>";
		};
		C03BDCBF1B676187009495C0 /* safe_test3Tests */ = {
			isa = PBXGroup;
			children = (
				C03BDCC21B676187009495C0 /* safe_test3Tests.m */,
				C03BDCC01B676187009495C0 /* Supporting Files */,
			);
			path = safe_test3Tests;
			sourceTree = "<group>";
		};
		C03BDCC01B676187009495C0 /* Supporting Files */ = {
			isa = PBXGroup;
			children = (
				C03BDCC11B676187009495C0 /* Info.plist */,
			);
			name = "Supporting Files";
			sourceTree = "<group>";
		};
/* End PBXGroup section */

/* Begin PBXNativeTarget section */
		C03BDCA21B676187009495C0 /* safe_test3 */ = {
			isa = PBXNativeTarget;
			buildConfigurationList = C03BDCC61B676187009495C0 /* Build configuration list for PBXNativeTarget "safe_test3" */;
			buildPhases = (
				C03BDC9F1B676187009495C0 /* Sources */,
				C03BDCA01B676187009495C0 /* Frameworks */,
				C03BDCA11B676187009495C0 /* Resources */,
			);
			buildRules = (
			);
			dependencies = (
			);
			name = safe_test3;
			productName = safe_test3;
			productReference = C03BDCA31B676187009495C0 /* safe_test3.app */;
			productType = "com.apple.product-type.application";
		};
		C03BDCBB1B676187009495C0 /* safe_test3Tests */ = {
			isa = PBXNativeTarget;
			buildConfigurationList = C03BDCC91B676187009495C0 /* Build configuration list for PBXNativeTarget "safe_test3Tests" */;
			buildPhases = (
				C03BDCB81B676187009495C0 /* Sources */,
				C03BDCB91B676187009495C0 /* Frameworks */,
				C03BDCBA1B676187009495C0 /* Resources */,
			);
			buildRules = (
			);
			dependencies = (
				C03BDCBE1B676187009495C0 /* PBXTargetDependency */,
			);
			name = safe_test3Tests;
			productName = safe_test3Tests;
			productReference = C03BDCBC1B676187009495C0 /* safe_test3Tests.xctest */;
			productType = "com.apple.product-type.bundle.unit-test";
		};
/* End PBXNativeTarget section */

/* Begin PBXProject section */
		C03BDC9B1B676187009495C0 /* Project object */ = {
			isa = PBXProject;
			attributes = {
				LastUpgradeCheck = 0640;
				ORGANIZATIONNAME = bbiiggppiigg;
				TargetAttributes = {
					C03BDCA21B676187009495C0 = {
						CreatedOnToolsVersion = 6.4;
					};
					C03BDCBB1B676187009495C0 = {
						CreatedOnToolsVersion = 6.4;
						TestTargetID = C03BDCA21B676187009495C0;
					};
				};
			};
			buildConfigurationList = C03BDC9E1B676187009495C0 /* Build configuration list for PBXProject "safe_test3" */;
			compatibilityVersion = "Xcode 3.2";
			developmentRegion = English;
			hasScannedForEncodings = 0;
			knownRegions = (
				en,
				Base,
			);
			mainGroup = C03BDC9A1B676187009495C0;
			productRefGroup = C03BDCA41B676187009495C0 /* Products */;
			projectDirPath = "";
			projectRoot = "";
			targets = (
				C03BDCA21B676187009495C0 /* safe_test3 */,
				C03BDCBB1B676187009495C0 /* safe_test3Tests */,
			);
		};
/* End PBXProject section */

/* Begin PBXResourcesBuildPhase section */
		C03BDCA11B676187009495C0 /* Resources */ = {
			isa = PBXResourcesBuildPhase;
			buildActionMask = 2147483647;
			files = (
				C03BDCB21B676187009495C0 /* Main.storyboard in Resources */,
				C03BDCB71B676187009495C0 /* LaunchScreen.xib in Resources */,
				C03BDCB41B676187009495C0 /* Images.xcassets in Resources */,
			);
			runOnlyForDeploymentPostprocessing = 0;
		};
		C03BDCBA1B676187009495C0 /* Resources */ = {
			isa = PBXResourcesBuildPhase;
			buildActionMask = 2147483647;
			files = (
			);
			runOnlyForDeploymentPostprocessing = 0;
		};
/* End PBXResourcesBuildPhase section */

/* Begin PBXSourcesBuildPhase section */
		C03BDC9F1B676187009495C0 /* Sources */ = {
			isa = PBXSourcesBuildPhase;
			buildActionMask = 2147483647;
			files = (
				C0D2AC9E1B6871E60009EBA5 /* AddEvent.m in Sources */,
				C03BDCAC1B676187009495C0 /* AppDelegate.m in Sources */,
				C03BDCA91B676187009495C0 /* main.m in Sources */,
			);
			runOnlyForDeploymentPostprocessing = 0;
		};
		C03BDCB81B676187009495C0 /* Sources */ = {
			isa = PBXSourcesBuildPhase;
			buildActionMask = 2147483647;
			files = (
				C03BDCC31B676187009495C0 /* safe_test3Tests.m in Sources */,
			);
			runOnlyForDeploymentPostprocessing = 0;
		};
/* End PBXSourcesBuildPhase section */

/* Begin PBXTargetDependency section */
		C03BDCBE1B676187009495C0 /* PBXTargetDependency */ = {
			isa = PBXTargetDependency;
			target = C03BDCA21B676187009495C0 /* safe_test3 */;
			targetProxy = C03BDCBD1B676187009495C0 /* PBXContainerItemProxy */;
		};
/* End PBXTargetDependency section */

/* Begin PBXVariantGroup section */
		C03BDCB01B676187009495C0 /* Main.storyboard */ = {
			isa = PBXVariantGroup;
			children = (
				C03BDCB11B676187009495C0 /* Base */,
			);
			name = Main.storyboard;
			sourceTree = "<group>";
		};
		C03BDCB51B676187009495C0 /* LaunchScreen.xib */ = {
			isa = PBXVariantGroup;
			children = (
				C03BDCB61B676187009495C0 /* Base */,
			);
			name = LaunchScreen.xib;
			sourceTree = "<group>";
		};
/* End PBXVariantGroup section */

/* Begin XCBuildConfiguration section */
		C03BDCC41B676187009495C0 /* Debug */ = {
			isa = XCBuildConfiguration;
			buildSettings = {
				ALWAYS_SEARCH_USER_PATHS = NO;
				CLANG_CXX_LANGUAGE_STANDARD = "gnu++0x";
				CLANG_CXX_LIBRARY = "libc++";
				CLANG_ENABLE_MODULES = YES;
				CLANG_ENABLE_OBJC_ARC = YES;
				CLANG_WARN_BOOL_CONVERSION = YES;
				CLANG_WARN_CONSTANT_CONVERSION = YES;
				CLANG_WARN_DIRECT_OBJC_ISA_USAGE = YES_ERROR;
				CLANG_WARN_EMPTY_BODY = YES;
				CLANG_WARN_ENUM_CONVERSION = YES;
				CLANG_WARN_INT_CONVERSION = YES;
				CLANG_WARN_OBJC_ROOT_CLASS = YES_ERROR;
				CLANG_WARN_UNREACHABLE_CODE = YES;
				CLANG_WARN__DUPLICATE_METHOD_MATCH = YES;
				"CODE_SIGN_IDENTITY[sdk=iphoneos*]" = "iPhone Developer";
				COPY_PHASE_STRIP = NO;
				DEBUG_INFORMATION_FORMAT = "dwarf-with-dsym";
				ENABLE_STRICT_OBJC_MSGSEND = YES;
				GCC_C_LANGUAGE_STANDARD = gnu99;
				GCC_DYNAMIC_NO_PIC = NO;
				GCC_NO_COMMON_BLOCKS = YES;
				GCC_OPTIMIZATION_LEVEL = 0;
				GCC_PREPROCESSOR_DEFINITIONS = (
					"DEBUG=1",
					"$(inherited)",
				);
				GCC_SYMBOLS_PRIVATE_EXTERN = NO;
				GCC_WARN_64_TO_32_BIT_CONVERSION = YES;
				GCC_WARN_ABOUT_RETURN_TYPE = YES_ERROR;
				GCC_WARN_UNDECLARED_SELECTOR = YES;
				GCC_WARN_UNINITIALIZED_AUTOS = YES_AGGRESSIVE;
				GCC_WARN_UNUSED_FUNCTION = YES;
				GCC_WARN_UNUSED_VARIABLE = YES;
				IPHONEOS_DEPLOYMENT_TARGET = 8.4;
				MTL_ENABLE_DEBUG_INFO = YES;
				ONLY_ACTIVE_ARCH = YES;
				SDKROOT = iphoneos;
			};
			name = Debug;
		};
		C03BDCC51B676187009495C0 /* Release */ = {
			isa = XCBuildConfiguration;
			buildSettings = {
				ALWAYS_SEARCH_USER_PATHS = NO;
				CLANG_CXX_LANGUAGE_STANDARD = "gnu++0x";
				CLANG_CXX_LIBRARY = "libc++";
				CLANG_ENABLE_MODULES = YES;
				CLANG_ENABLE_OBJC_ARC = YES;
				CLANG_WARN_BOOL_CONVERSION = YES;
				CLANG_WARN_CONSTANT_CONVERSION = YES;
				CLANG_WARN_DIRECT_OBJC_ISA_USAGE = YES_ERROR;
				CLANG_WARN_EMPTY_BODY = YES;
				CLANG_WARN_ENUM_CONVERSION = YES;
				CLANG_WARN_INT_CONVERSION = YES;
				CLANG_WARN_OBJC_ROOT_CLASS = YES_ERROR;
				CLANG_WARN_UNREACHABLE_CODE = YES;
				CLANG_WARN__DUPLICATE_METHOD_MATCH = YES;
				"CODE_SIGN_IDENTITY[sdk=iphoneos*]" = "iPhone Developer";
				COPY_PHASE_STRIP = NO;
				DEBUG_INFORMATION_FORMAT = "dwarf-with-dsym";
				ENABLE_NS_ASSERTIONS = NO;
				ENABLE_STRICT_OBJC_MSGSEND = YES;
				GCC_C_LANGUAGE_STANDARD = gnu99;
				GCC_NO_COMMON_BLOCKS = YES;
				GCC_WARN_64_TO_32_BIT_CONVERSION = YES;
				GCC_WARN_ABOUT_RETURN_TYPE = YES_ERROR;
				GCC_WARN_UNDECLARED_SELECTOR = YES;
				GCC_WARN_UNINITIALIZED_AUTOS = YES_AGGRESSIVE;
				GCC_WARN_UNUSED_FUNCTION = YES;
				GCC_WARN_UNUSED_VARIABLE = YES;
				IPHONEOS_DEPLOYMENT_TARGET = 8.4;
				MTL_ENABLE_DEBUG_INFO = NO;
				SDKROOT = iphoneos;
				VALIDATE_PRODUCT = YES;
			};
			name = Release;
		};
		C03BDCC71B676187009495C0 /* Debug */ = {
			isa = XCBuildConfiguration;
			buildSettings = {
				ASSETCATALOG_COMPILER_APPICON_NAME = AppIcon;
				INFOPLIST_FILE = safe_test3/Info.plist;
				LD_RUNPATH_SEARCH_PATHS = "$(inherited) @executable_path/Frameworks";
				PRODUCT_NAME = "$(TARGET_NAME)";
			};
			name = Debug;
		};
		C03BDCC81B676187009495C0 /* Release */ = {
			isa = XCBuildConfiguration;
			buildSettings = {
				ASSETCATALOG_COMPILER_APPICON_NAME = AppIcon;
				INFOPLIST_FILE = safe_test3/Info.plist;
				LD_RUNPATH_SEARCH_PATHS = "$(inherited) @executable_path/Frameworks";
				PRODUCT_NAME = "$(TARGET_NAME)";
			};
			name = Release;
		};
		C03BDCCA1B676187009495C0 /* Debug */ = {
			isa = XCBuildConfiguration;
			buildSettings = {
				BUNDLE_LOADER = "$(TEST_HOST)";
				FRAMEWORK_SEARCH_PATHS = (
					"$(SDKROOT)/Developer/Library/Frameworks",
					"$(inherited)",
				);
				GCC_PREPROCESSOR_DEFINITIONS = (
					"DEBUG=1",
					"$(inherited)",
				);
				INFOPLIST_FILE = safe_test3Tests/Info.plist;
				LD_RUNPATH_SEARCH_PATHS = "$(inherited) @executable_path/Frameworks @loader_path/Frameworks";
				PRODUCT_NAME = "$(TARGET_NAME)";
				TEST_HOST = "$(BUILT_PRODUCTS_DIR)/safe_test3.app/safe_test3";
			};
			name = Debug;
		};
		C03BDCCB1B676187009495C0 /* Release */ = {
			isa = XCBuildConfiguration;
			buildSettings = {
				BUNDLE_LOADER = "$(TEST_HOST)";
				FRAMEWORK_SEARCH_PATHS = (
					"$(SDKROOT)/Developer/Library/Frameworks",
					"$(inherited)",
				);
				INFOPLIST_FILE = safe_test3Tests/Info.plist;
				LD_RUNPATH_SEARCH_PATHS = "$(inherited) @executable_path/Frameworks @loader_path/Frameworks";
				PRODUCT_NAME = "$(TARGET_NAME)";
				TEST_HOST = "$(BUILT_PRODUCTS_DIR)/safe_test3.app/safe_test3";
			};
			name = Release;
		};
/* End XCBuildConfiguration section */

/* Begin XCConfigurationList section */
		C03BDC9E1B676187009495C0 /* Build configuration list for PBXProject "safe_test3" */ = {
			isa = XCConfigurationList;
			buildConfigurations = (
				C03BDCC41B676187009495C0 /* Debug */,
				C03BDCC51B676187009495C0 /* Release */,
			);
			defaultConfigurationIsVisible = 0;
			defaultConfigurationName = Release;
		};
		C03BDCC61B676187009495C0 /* Build configuration list for PBXNativeTarget "safe_test3" */ = {
			isa = XCConfigurationList;
			buildConfigurations = (
				C03BDCC71B676187009495C0 /* Debug */,
				C03BDCC81B676187009495C0 /* Release */,
			);
			defaultConfigurationIsVisible = 0;
			defaultConfigurationName = Release;
		};
		C03BDCC91B676187009495C0 /* Build configuration list for PBXNativeTarget "safe_test3Tests" */ = {
			isa = XCConfigurationList;
			buildConfigurations = (
				C03BDCCA1B676187009495C0 /* Debug */,
				C03BDCCB1B676187009495C0 /* Release */,
			);
			defaultConfigurationIsVisible = 0;
			defaultConfigurationName = Release;
		};
/* End XCConfigurationList section */
	};
	rootObject = C03BDC9B1B676187009495C0 /* Project object */;
}
